
Microsoft Visual Studio Solution File, Format Version 12.00
# Visual Studio Version 17
VisualStudioVersion = 17.4.33213.308
MinimumVisualStudioVersion = 10.0.40219.1
Project("{FAE04EC0-301F-11D3-BF4B-00C04F79EFBC}") = "Deliverable_5", "Deliverable_5.csproj", "{F829FE3A-0648-496B-9708-FD54F0866955}"
EndProject
Global
	GlobalSection(SolutionConfigurationPlatforms) = preSolution
		Debug|Any CPU = Debug|Any CPU
		Release|Any CPU = Release|Any CPU
	EndGlobalSection
	GlobalSection(ProjectConfigurationPlatforms) = postSolution
		{F829FE3A-0648-496B-9708-FD54F0866955}.Debug|Any CPU.ActiveCfg = Debug|Any CPU
		{F829FE3A-0648-496B-9708-FD54F0866955}.Debug|Any CPU.Build.0 = Debug|Any CPU
		{F829FE3A-0648-496B-9708-FD54F0866955}.Release|Any CPU.ActiveCfg = Release|Any CPU
		{F829FE3A-0648-496B-9708-FD54F0866955}.Release|Any CPU.Build.0 = Release|Any CPU
	EndGlobalSection
	GlobalSection(SolutionProperties) = preSolution
		HideSolutionNode = FALSE
	EndGlobalSection
	GlobalSection(ExtensibilityGlobals) = postSolution
		SolutionGuid = {4065E7A4-94F5-4CE3-B90B-8DA0F7353CC7}
	EndGlobalSection
EndGlobal
